
Microsoft Visual Studio Solution File, Format Version 12.00
# Visual Studio Version 17
VisualStudioVersion = 17.14.36518.9 d17.14
MinimumVisualStudioVersion = 10.0.40219.1
Project("{FAE04EC0-301F-11D3-BF4B-00C04F79EFBC}") = "operadores lógicos", "operadores lógicos.csproj", "{76485C67-DAC5-4572-84A9-670E28CBACFD}"
EndProject
Global
	GlobalSection(SolutionConfigurationPlatforms) = preSolution
		Debug|Any CPU = Debug|Any CPU
		Release|Any CPU = Release|Any CPU
	EndGlobalSection
	GlobalSection(ProjectConfigurationPlatforms) = postSolution
		{76485C67-DAC5-4572-84A9-670E28CBACFD}.Debug|Any CPU.ActiveCfg = Debug|Any CPU
		{76485C67-DAC5-4572-84A9-670E28CBACFD}.Debug|Any CPU.Build.0 = Debug|Any CPU
		{76485C67-DAC5-4572-84A9-670E28CBACFD}.Release|Any CPU.ActiveCfg = Release|Any CPU
		{76485C67-DAC5-4572-84A9-670E28CBACFD}.Release|Any CPU.Build.0 = Release|Any CPU
	EndGlobalSection
	GlobalSection(SolutionProperties) = preSolution
		HideSolutionNode = FALSE
	EndGlobalSection
	GlobalSection(ExtensibilityGlobals) = postSolution
		SolutionGuid = {45A640AB-1A38-4767-AAE2-194AD842761C}
	EndGlobalSection
EndGlobal
