
Microsoft Visual Studio Solution File, Format Version 12.00
# Visual Studio Version 17
VisualStudioVersion = 17.14.36518.9 d17.14
MinimumVisualStudioVersion = 10.0.40219.1
Project("{FAE04EC0-301F-11D3-BF4B-00C04F79EFBC}") = "funcao", "funcao.csproj", "{A2E5C8BF-193B-469D-8EE3-693C2EDA5DCF}"
EndProject
Global
	GlobalSection(SolutionConfigurationPlatforms) = preSolution
		Debug|Any CPU = Debug|Any CPU
		Release|Any CPU = Release|Any CPU
	EndGlobalSection
	GlobalSection(ProjectConfigurationPlatforms) = postSolution
		{A2E5C8BF-193B-469D-8EE3-693C2EDA5DCF}.Debug|Any CPU.ActiveCfg = Debug|Any CPU
		{A2E5C8BF-193B-469D-8EE3-693C2EDA5DCF}.Debug|Any CPU.Build.0 = Debug|Any CPU
		{A2E5C8BF-193B-469D-8EE3-693C2EDA5DCF}.Release|Any CPU.ActiveCfg = Release|Any CPU
		{A2E5C8BF-193B-469D-8EE3-693C2EDA5DCF}.Release|Any CPU.Build.0 = Release|Any CPU
	EndGlobalSection
	GlobalSection(SolutionProperties) = preSolution
		HideSolutionNode = FALSE
	EndGlobalSection
	GlobalSection(ExtensibilityGlobals) = postSolution
		SolutionGuid = {321B00A7-44C5-450A-A0E2-AAE1589F1C5C}
	EndGlobalSection
EndGlobal
