
Microsoft Visual Studio Solution File, Format Version 12.00
# Visual Studio Version 17
VisualStudioVersion = 17.14.36518.9 d17.14
MinimumVisualStudioVersion = 10.0.40219.1
Project("{FAE04EC0-301F-11D3-BF4B-00C04F79EFBC}") = "loop", "loop.csproj", "{FED454D4-F81B-471B-B249-07BBF74D843C}"
EndProject
Global
	GlobalSection(SolutionConfigurationPlatforms) = preSolution
		Debug|Any CPU = Debug|Any CPU
		Release|Any CPU = Release|Any CPU
	EndGlobalSection
	GlobalSection(ProjectConfigurationPlatforms) = postSolution
		{FED454D4-F81B-471B-B249-07BBF74D843C}.Debug|Any CPU.ActiveCfg = Debug|Any CPU
		{FED454D4-F81B-471B-B249-07BBF74D843C}.Debug|Any CPU.Build.0 = Debug|Any CPU
		{FED454D4-F81B-471B-B249-07BBF74D843C}.Release|Any CPU.ActiveCfg = Release|Any CPU
		{FED454D4-F81B-471B-B249-07BBF74D843C}.Release|Any CPU.Build.0 = Release|Any CPU
	EndGlobalSection
	GlobalSection(SolutionProperties) = preSolution
		HideSolutionNode = FALSE
	EndGlobalSection
	GlobalSection(ExtensibilityGlobals) = postSolution
		SolutionGuid = {54E74E2E-56FC-4275-9684-FC0C0E6D4908}
	EndGlobalSection
EndGlobal
