
Microsoft Visual Studio Solution File, Format Version 12.00
# Visual Studio Version 17
VisualStudioVersion = 17.14.36518.9 d17.14
MinimumVisualStudioVersion = 10.0.40219.1
Project("{FAE04EC0-301F-11D3-BF4B-00C04F79EFBC}") = "vetoresmatrizes", "vetoresmatrizes.csproj", "{5108BF9B-5CD0-493E-889A-F8362601E605}"
EndProject
Global
	GlobalSection(SolutionConfigurationPlatforms) = preSolution
		Debug|Any CPU = Debug|Any CPU
		Release|Any CPU = Release|Any CPU
	EndGlobalSection
	GlobalSection(ProjectConfigurationPlatforms) = postSolution
		{5108BF9B-5CD0-493E-889A-F8362601E605}.Debug|Any CPU.ActiveCfg = Debug|Any CPU
		{5108BF9B-5CD0-493E-889A-F8362601E605}.Debug|Any CPU.Build.0 = Debug|Any CPU
		{5108BF9B-5CD0-493E-889A-F8362601E605}.Release|Any CPU.ActiveCfg = Release|Any CPU
		{5108BF9B-5CD0-493E-889A-F8362601E605}.Release|Any CPU.Build.0 = Release|Any CPU
	EndGlobalSection
	GlobalSection(SolutionProperties) = preSolution
		HideSolutionNode = FALSE
	EndGlobalSection
	GlobalSection(ExtensibilityGlobals) = postSolution
		SolutionGuid = {01135C9B-C618-440C-9981-B080D7D4A503}
	EndGlobalSection
EndGlobal
